
Microsoft Visual Studio Solution File, Format Version 12.00
# Visual Studio Version 17
VisualStudioVersion = 17.8.34330.188
MinimumVisualStudioVersion = 10.0.40219.1
Project("{FAE04EC0-301F-11D3-BF4B-00C04F79EFBC}") = "LoginLibProj1", "LoginLibProj1\LoginLibProj1.csproj", "{1F6F904A-3836-475E-9697-2DFDB6532F7B}"
EndProject
Project("{FAE04EC0-301F-11D3-BF4B-00C04F79EFBC}") = "SpecFlowLoginProj1", "SpecFlowLoginProj1\SpecFlowLoginProj1.csproj", "{AFEA95E7-710F-41C8-9B88-4ED817E0DC43}"
EndProject
Global
	GlobalSection(SolutionConfigurationPlatforms) = preSolution
		Debug|Any CPU = Debug|Any CPU
		Release|Any CPU = Release|Any CPU
	EndGlobalSection
	GlobalSection(ProjectConfigurationPlatforms) = postSolution
		{1F6F904A-3836-475E-9697-2DFDB6532F7B}.Debug|Any CPU.ActiveCfg = Debug|Any CPU
		{1F6F904A-3836-475E-9697-2DFDB6532F7B}.Debug|Any CPU.Build.0 = Debug|Any CPU
		{1F6F904A-3836-475E-9697-2DFDB6532F7B}.Release|Any CPU.ActiveCfg = Release|Any CPU
		{1F6F904A-3836-475E-9697-2DFDB6532F7B}.Release|Any CPU.Build.0 = Release|Any CPU
		{AFEA95E7-710F-41C8-9B88-4ED817E0DC43}.Debug|Any CPU.ActiveCfg = Debug|Any CPU
		{AFEA95E7-710F-41C8-9B88-4ED817E0DC43}.Debug|Any CPU.Build.0 = Debug|Any CPU
		{AFEA95E7-710F-41C8-9B88-4ED817E0DC43}.Release|Any CPU.ActiveCfg = Release|Any CPU
		{AFEA95E7-710F-41C8-9B88-4ED817E0DC43}.Release|Any CPU.Build.0 = Release|Any CPU
	EndGlobalSection
	GlobalSection(SolutionProperties) = preSolution
		HideSolutionNode = FALSE
	EndGlobalSection
	GlobalSection(ExtensibilityGlobals) = postSolution
		SolutionGuid = {2D676DD3-DBE4-4E02-9533-0E40AF235AC6}
	EndGlobalSection
EndGlobal
